
Microsoft Visual Studio Solution File, Format Version 12.00
# Visual Studio Version 17
VisualStudioVersion = 17.0.31903.59
MinimumVisualStudioVersion = 10.0.40219.1
Project("{2150E333-8FDC-42A3-9474-1A3956D46DE8}") = "src", "src", "{5E72F77C-7F48-4F7A-A521-B29801BB2BF3}"
EndProject
Project("{9A19103F-16F7-4668-BE54-9A1E7A4F7556}") = "AuctionService", "src\AuctionService\AuctionService.csproj", "{BE93D03E-0DBD-4176-BA17-AD648B628740}"
EndProject
Project("{9A19103F-16F7-4668-BE54-9A1E7A4F7556}") = "SearchService", "src\SearchService\SearchService.csproj", "{34C9ECA1-CBB6-40DB-A43B-17B581131C3A}"
EndProject
Project("{9A19103F-16F7-4668-BE54-9A1E7A4F7556}") = "Contracts", "src\Contracts\Contracts.csproj", "{A5291814-E29E-4A8D-85C3-A075AF6A6861}"
EndProject
Project("{9A19103F-16F7-4668-BE54-9A1E7A4F7556}") = "IdentityService", "src\IdentityService\IdentityService.csproj", "{159DACF5-5946-4B83-8616-D7F427186266}"
EndProject
Project("{9A19103F-16F7-4668-BE54-9A1E7A4F7556}") = "GatewayService", "src\GatewayService\GatewayService.csproj", "{7DE8D2E0-D51B-452C-BD54-F7DF5756E9F1}"
EndProject
Project("{9A19103F-16F7-4668-BE54-9A1E7A4F7556}") = "BiddingService", "src\BiddingService\BiddingService.csproj", "{989F0714-F5D5-4ECF-924D-6F4EA62DC69F}"
EndProject
Project("{9A19103F-16F7-4668-BE54-9A1E7A4F7556}") = "NotificationService", "src\NotificationService\NotificationService.csproj", "{A9B33BC4-477F-4CB5-A586-9F5D5F079010}"
EndProject
Project("{2150E333-8FDC-42A3-9474-1A3956D46DE8}") = "tests", "tests", "{EDDAE7C0-AD3F-454C-9824-204C55BBDBDB}"
EndProject
Project("{9A19103F-16F7-4668-BE54-9A1E7A4F7556}") = "AuctionService.UnitTests", "tests\AuctionService.UnitTests\AuctionService.UnitTests.csproj", "{E06CE4BE-E6C2-452E-B5CD-F8BD7B268542}"
EndProject
Project("{9A19103F-16F7-4668-BE54-9A1E7A4F7556}") = "AuctionService.IntegrationTests", "tests\AuctionService.IntegrationTests\AuctionService.IntegrationTests.csproj", "{F297D937-5E23-4480-9AA9-A9291EDCA446}"
EndProject
Global
	GlobalSection(SolutionConfigurationPlatforms) = preSolution
		Debug|Any CPU = Debug|Any CPU
		Release|Any CPU = Release|Any CPU
	EndGlobalSection
	GlobalSection(ProjectConfigurationPlatforms) = postSolution
		{BE93D03E-0DBD-4176-BA17-AD648B628740}.Debug|Any CPU.ActiveCfg = Debug|Any CPU
		{BE93D03E-0DBD-4176-BA17-AD648B628740}.Debug|Any CPU.Build.0 = Debug|Any CPU
		{BE93D03E-0DBD-4176-BA17-AD648B628740}.Release|Any CPU.ActiveCfg = Release|Any CPU
		{BE93D03E-0DBD-4176-BA17-AD648B628740}.Release|Any CPU.Build.0 = Release|Any CPU
		{34C9ECA1-CBB6-40DB-A43B-17B581131C3A}.Debug|Any CPU.ActiveCfg = Debug|Any CPU
		{34C9ECA1-CBB6-40DB-A43B-17B581131C3A}.Debug|Any CPU.Build.0 = Debug|Any CPU
		{34C9ECA1-CBB6-40DB-A43B-17B581131C3A}.Release|Any CPU.ActiveCfg = Release|Any CPU
		{34C9ECA1-CBB6-40DB-A43B-17B581131C3A}.Release|Any CPU.Build.0 = Release|Any CPU
		{A5291814-E29E-4A8D-85C3-A075AF6A6861}.Debug|Any CPU.ActiveCfg = Debug|Any CPU
		{A5291814-E29E-4A8D-85C3-A075AF6A6861}.Debug|Any CPU.Build.0 = Debug|Any CPU
		{A5291814-E29E-4A8D-85C3-A075AF6A6861}.Release|Any CPU.ActiveCfg = Release|Any CPU
		{A5291814-E29E-4A8D-85C3-A075AF6A6861}.Release|Any CPU.Build.0 = Release|Any CPU
		{159DACF5-5946-4B83-8616-D7F427186266}.Debug|Any CPU.ActiveCfg = Debug|Any CPU
		{159DACF5-5946-4B83-8616-D7F427186266}.Debug|Any CPU.Build.0 = Debug|Any CPU
		{159DACF5-5946-4B83-8616-D7F427186266}.Release|Any CPU.ActiveCfg = Release|Any CPU
		{159DACF5-5946-4B83-8616-D7F427186266}.Release|Any CPU.Build.0 = Release|Any CPU
		{7DE8D2E0-D51B-452C-BD54-F7DF5756E9F1}.Debug|Any CPU.ActiveCfg = Debug|Any CPU
		{7DE8D2E0-D51B-452C-BD54-F7DF5756E9F1}.Debug|Any CPU.Build.0 = Debug|Any CPU
		{7DE8D2E0-D51B-452C-BD54-F7DF5756E9F1}.Release|Any CPU.ActiveCfg = Release|Any CPU
		{7DE8D2E0-D51B-452C-BD54-F7DF5756E9F1}.Release|Any CPU.Build.0 = Release|Any CPU
		{989F0714-F5D5-4ECF-924D-6F4EA62DC69F}.Debug|Any CPU.ActiveCfg = Debug|Any CPU
		{989F0714-F5D5-4ECF-924D-6F4EA62DC69F}.Debug|Any CPU.Build.0 = Debug|Any CPU
		{989F0714-F5D5-4ECF-924D-6F4EA62DC69F}.Release|Any CPU.ActiveCfg = Release|Any CPU
		{989F0714-F5D5-4ECF-924D-6F4EA62DC69F}.Release|Any CPU.Build.0 = Release|Any CPU
		{A9B33BC4-477F-4CB5-A586-9F5D5F079010}.Debug|Any CPU.ActiveCfg = Debug|Any CPU
		{A9B33BC4-477F-4CB5-A586-9F5D5F079010}.Debug|Any CPU.Build.0 = Debug|Any CPU
		{A9B33BC4-477F-4CB5-A586-9F5D5F079010}.Release|Any CPU.ActiveCfg = Release|Any CPU
		{A9B33BC4-477F-4CB5-A586-9F5D5F079010}.Release|Any CPU.Build.0 = Release|Any CPU
		{E06CE4BE-E6C2-452E-B5CD-F8BD7B268542}.Debug|Any CPU.ActiveCfg = Debug|Any CPU
		{E06CE4BE-E6C2-452E-B5CD-F8BD7B268542}.Debug|Any CPU.Build.0 = Debug|Any CPU
		{E06CE4BE-E6C2-452E-B5CD-F8BD7B268542}.Release|Any CPU.ActiveCfg = Release|Any CPU
		{E06CE4BE-E6C2-452E-B5CD-F8BD7B268542}.Release|Any CPU.Build.0 = Release|Any CPU
		{F297D937-5E23-4480-9AA9-A9291EDCA446}.Debug|Any CPU.ActiveCfg = Debug|Any CPU
		{F297D937-5E23-4480-9AA9-A9291EDCA446}.Debug|Any CPU.Build.0 = Debug|Any CPU
		{F297D937-5E23-4480-9AA9-A9291EDCA446}.Release|Any CPU.ActiveCfg = Release|Any CPU
		{F297D937-5E23-4480-9AA9-A9291EDCA446}.Release|Any CPU.Build.0 = Release|Any CPU
	EndGlobalSection
	GlobalSection(SolutionProperties) = preSolution
		HideSolutionNode = FALSE
	EndGlobalSection
	GlobalSection(NestedProjects) = preSolution
		{BE93D03E-0DBD-4176-BA17-AD648B628740} = {5E72F77C-7F48-4F7A-A521-B29801BB2BF3}
		{34C9ECA1-CBB6-40DB-A43B-17B581131C3A} = {5E72F77C-7F48-4F7A-A521-B29801BB2BF3}
		{A5291814-E29E-4A8D-85C3-A075AF6A6861} = {5E72F77C-7F48-4F7A-A521-B29801BB2BF3}
		{159DACF5-5946-4B83-8616-D7F427186266} = {5E72F77C-7F48-4F7A-A521-B29801BB2BF3}
		{7DE8D2E0-D51B-452C-BD54-F7DF5756E9F1} = {5E72F77C-7F48-4F7A-A521-B29801BB2BF3}
		{989F0714-F5D5-4ECF-924D-6F4EA62DC69F} = {5E72F77C-7F48-4F7A-A521-B29801BB2BF3}
		{A9B33BC4-477F-4CB5-A586-9F5D5F079010} = {5E72F77C-7F48-4F7A-A521-B29801BB2BF3}
		{E06CE4BE-E6C2-452E-B5CD-F8BD7B268542} = {EDDAE7C0-AD3F-454C-9824-204C55BBDBDB}
		{F297D937-5E23-4480-9AA9-A9291EDCA446} = {EDDAE7C0-AD3F-454C-9824-204C55BBDBDB}
	EndGlobalSection
EndGlobal
